
Microsoft Visual Studio Solution File, Format Version 12.00
# Visual Studio Version 17
VisualStudioVersion = 17.9.34622.214
MinimumVisualStudioVersion = 10.0.40219.1
Project("{FAE04EC0-301F-11D3-BF4B-00C04F79EFBC}") = "RestaurantManagement", "RestaurantManagement\RestaurantManagement.csproj", "{A3F38162-F8F1-4FFB-A66E-00EE18D97BF3}"
EndProject
Global
	GlobalSection(SolutionConfigurationPlatforms) = preSolution
		Debug|Any CPU = Debug|Any CPU
		Release|Any CPU = Release|Any CPU
	EndGlobalSection
	GlobalSection(ProjectConfigurationPlatforms) = postSolution
		{A3F38162-F8F1-4FFB-A66E-00EE18D97BF3}.Debug|Any CPU.ActiveCfg = Debug|Any CPU
		{A3F38162-F8F1-4FFB-A66E-00EE18D97BF3}.Debug|Any CPU.Build.0 = Debug|Any CPU
		{A3F38162-F8F1-4FFB-A66E-00EE18D97BF3}.Release|Any CPU.ActiveCfg = Release|Any CPU
		{A3F38162-F8F1-4FFB-A66E-00EE18D97BF3}.Release|Any CPU.Build.0 = Release|Any CPU
	EndGlobalSection
	GlobalSection(SolutionProperties) = preSolution
		HideSolutionNode = FALSE
	EndGlobalSection
	GlobalSection(ExtensibilityGlobals) = postSolution
		SolutionGuid = {E36FB2FC-0AC6-4004-B21B-7D018A0A6A88}
	EndGlobalSection
EndGlobal
